{
  "version": 4,
  "terraform_version": "1.0.2",
  "serial": 65,
  "lineage": "4b77643f-cf8b-a1e6-ae32-46a8cc8fdb59",
  "outputs": {},
  "resources": [
    {
      "mode": "managed",
      "type": "azurerm_automation_account",
      "name": "autoaccount",
      "provider": "provider[\"registry.terraform.io/hashicorp/azurerm\"]",
      "instances": [
        {
          "schema_version": 0,
          "attributes": {
            "dsc_primary_access_key": "Co7pLVQSL1inIa7R65QeCY+HJXzYA4PN5VPs9NVaDJzLk6r84IPMQv1nylMZVSn5zu3uheBz4+A3e+oOBbRiMA==",
            "dsc_secondary_access_key": "ABaj1iIRdAlC2ArWPP6DFt/52ss+w/mK9JjkFINcs+zO8cYcLEAK8JwxOjgt3n/UA+DW2Sfg4pkYOI4EVKZ3gQ==",
            "dsc_server_endpoint": "https://3c018f72-a271-4c2b-af1b-24e852e4db92.agentsvc.ncus.azure-automation.net/accounts/3c018f72-a271-4c2b-af1b-24e852e4db92",
            "id": "/subscriptions/2b7d48e1-cf39-4fdd-bd70-79cd047eb146/resourceGroups/shs-prd-northcentralus-monitoring-rg/providers/Microsoft.Automation/automationAccounts/AA-CORE-CORP-USE500",
            "location": "northcentralus",
            "name": "AA-CORE-CORP-USE500",
            "resource_group_name": "shs-prd-northcentralus-monitoring-rg",
            "sku_name": "Basic",
            "tags": {
              "Application": "Infrastructure",
              "Environment": "CORP",
              "Project Code": "709146",
              "Technical-Contact": "Cloud-infr-CRSDG@outlook.com"
            },
            "timeouts": null
          },
          "sensitive_attributes": [],
          "private": "eyJlMmJmYjczMC1lY2FhLTExZTYtOGY4OC0zNDM2M2JjN2M0YzAiOnsiY3JlYXRlIjoxODAwMDAwMDAwMDAwLCJkZWxldGUiOjE4MDAwMDAwMDAwMDAsInJlYWQiOjMwMDAwMDAwMDAwMCwidXBkYXRlIjoxODAwMDAwMDAwMDAwfX0=",
          "dependencies": [
            "azurerm_resource_group.admin"
          ]
        }
      ]
    },
    {
      "mode": "managed",
      "type": "azurerm_log_analytics_linked_service",
      "name": "example",
      "provider": "provider[\"registry.terraform.io/hashicorp/azurerm\"]",
      "instances": [
        {
          "schema_version": 0,
          "attributes": {
            "id": "/subscriptions/2b7d48e1-cf39-4fdd-bd70-79cd047eb146/resourceGroups/shs-prd-northcentralus-monitoring-rg/providers/Microsoft.OperationalInsights/workspaces/shs-prd-us-northcentral-la/linkedServices/Automation",
            "linked_service_name": "Automation",
            "name": "Automation",
            "read_access_id": "/subscriptions/2b7d48e1-cf39-4fdd-bd70-79cd047eb146/resourceGroups/shs-prd-northcentralus-monitoring-rg/providers/Microsoft.Automation/automationAccounts/AA-CORE-CORP-USE500",
            "resource_group_name": "shs-prd-northcentralus-monitoring-rg",
            "resource_id": "/subscriptions/2b7d48e1-cf39-4fdd-bd70-79cd047eb146/resourceGroups/shs-prd-northcentralus-monitoring-rg/providers/Microsoft.Automation/automationAccounts/AA-CORE-CORP-USE500",
            "tags": {},
            "timeouts": null,
            "workspace_id": "/subscriptions/2b7d48e1-cf39-4fdd-bd70-79cd047eb146/resourceGroups/shs-prd-northcentralus-monitoring-rg/providers/Microsoft.OperationalInsights/workspaces/shs-prd-us-northcentral-la",
            "workspace_name": "shs-prd-us-northcentral-la",
            "write_access_id": ""
          },
          "sensitive_attributes": [],
          "private": "eyJlMmJmYjczMC1lY2FhLTExZTYtOGY4OC0zNDM2M2JjN2M0YzAiOnsiY3JlYXRlIjoxODAwMDAwMDAwMDAwLCJkZWxldGUiOjE4MDAwMDAwMDAwMDAsInJlYWQiOjMwMDAwMDAwMDAwMCwidXBkYXRlIjoxODAwMDAwMDAwMDAwfX0=",
          "dependencies": [
            "azurerm_automation_account.autoaccount",
            "azurerm_log_analytics_workspace.loganalytics",
            "azurerm_resource_group.admin"
          ]
        }
      ]
    },
    {
      "mode": "managed",
      "type": "azurerm_log_analytics_workspace",
      "name": "loganalytics",
      "provider": "provider[\"registry.terraform.io/hashicorp/azurerm\"]",
      "instances": [
        {
          "schema_version": 2,
          "attributes": {
            "daily_quota_gb": -1,
            "id": "/subscriptions/2b7d48e1-cf39-4fdd-bd70-79cd047eb146/resourceGroups/shs-prd-northcentralus-monitoring-rg/providers/Microsoft.OperationalInsights/workspaces/shs-prd-us-northcentral-la",
            "internet_ingestion_enabled": true,
            "internet_query_enabled": true,
            "location": "northcentralus",
            "name": "shs-prd-us-northcentral-la",
            "portal_url": "",
            "primary_shared_key": "bvxJat8qCvGfEHpP4MikzYa5xwx6HcLn9Drcx0pKdKrMBQcFIebQ328P7Sp1fIUTgUUgD+URUUn6fN30yaLWYQ==",
            "reservation_capcity_in_gb_per_day": null,
            "resource_group_name": "shs-prd-northcentralus-monitoring-rg",
            "retention_in_days": 90,
            "secondary_shared_key": "Uvm+l5xsEAIpy0PCB6GZXShJWrF6jD2G4kFeNadA97qqh8ShDxYJ3ZF7KHrHnkrLHtJOpkDi+4SNr/t0a0wWaw==",
            "sku": "pergb2018",
            "tags": {
              "Application": "Infrastructure",
              "Environment": "CORP",
              "Project Code": "709146",
              "Technical-Contact": "Cloud-infr-CRSDG@outlook.com"
            },
            "timeouts": null,
            "workspace_id": "075f80bd-d489-4d32-855d-c5179f06716a"
          },
          "sensitive_attributes": [],
          "private": "eyJlMmJmYjczMC1lY2FhLTExZTYtOGY4OC0zNDM2M2JjN2M0YzAiOnsiY3JlYXRlIjoxODAwMDAwMDAwMDAwLCJkZWxldGUiOjE4MDAwMDAwMDAwMDAsInJlYWQiOjMwMDAwMDAwMDAwMCwidXBkYXRlIjoxODAwMDAwMDAwMDAwfSwic2NoZW1hX3ZlcnNpb24iOiIyIn0=",
          "dependencies": [
            "azurerm_resource_group.admin"
          ]
        }
      ]
    },
    {
      "mode": "managed",
      "type": "azurerm_resource_group",
      "name": "admin",
      "provider": "provider[\"registry.terraform.io/hashicorp/azurerm\"]",
      "instances": [
        {
          "schema_version": 0,
          "attributes": {
            "id": "/subscriptions/2b7d48e1-cf39-4fdd-bd70-79cd047eb146/resourceGroups/shs-prd-northcentralus-monitoring-rg",
            "location": "northcentralus",
            "name": "shs-prd-northcentralus-monitoring-rg",
            "tags": {
              "Application": "Infrastructure",
              "Environment": "CORP",
              "Project Code": "709146",
              "Technical-Contact": "Cloud-infr-CRSDG@outlook.com"
            },
            "timeouts": null
          },
          "sensitive_attributes": [],
          "private": "eyJlMmJmYjczMC1lY2FhLTExZTYtOGY4OC0zNDM2M2JjN2M0YzAiOnsiY3JlYXRlIjo1NDAwMDAwMDAwMDAwLCJkZWxldGUiOjU0MDAwMDAwMDAwMDAsInJlYWQiOjMwMDAwMDAwMDAwMCwidXBkYXRlIjo1NDAwMDAwMDAwMDAwfX0="
        }
      ]
    }
  ]
}
