{
  "version": 4,
  "terraform_version": "1.0.2",
  "serial": 29,
  "lineage": "4c625dfc-8d06-3d12-daf0-ad60e408c2c6",
  "outputs": {},
  "resources": [
    {
      "mode": "managed",
      "type": "azurerm_bastion_host",
      "name": "admin",
      "provider": "provider[\"registry.terraform.io/hashicorp/azurerm\"]",
      "instances": [
        {
          "schema_version": 0,
          "attributes": {
            "dns_name": "bst-a9c78a47-be75-4517-8ee6-7841997a00c7.bastion.azure.com",
            "id": "/subscriptions/2b7d48e1-cf39-4fdd-bd70-79cd047eb146/resourceGroups/shs-prd-northcentralus-monitoring-rg/providers/Microsoft.Network/bastionHosts/adminbastion",
            "ip_configuration": [
              {
                "name": "configuration",
                "public_ip_address_id": "/subscriptions/2b7d48e1-cf39-4fdd-bd70-79cd047eb146/resourceGroups/shs-prd-northcentralus-monitoring-rg/providers/Microsoft.Network/publicIPAddresses/adminpip",
                "subnet_id": "/subscriptions/2b7d48e1-cf39-4fdd-bd70-79cd047eb146/resourceGroups/shs-prd-northcentralus-monitoring-rg/providers/Microsoft.Network/virtualNetworks/DAR-PRD-NCUS-VNET/subnets/AzureBastionSubnet"
              }
            ],
            "location": "centralus",
            "name": "adminbastion",
            "resource_group_name": "shs-prd-northcentralus-monitoring-rg",
            "tags": null,
            "timeouts": null
          },
          "sensitive_attributes": [],
          "private": "eyJlMmJmYjczMC1lY2FhLTExZTYtOGY4OC0zNDM2M2JjN2M0YzAiOnsiY3JlYXRlIjoxODAwMDAwMDAwMDAwLCJkZWxldGUiOjE4MDAwMDAwMDAwMDAsInJlYWQiOjMwMDAwMDAwMDAwMCwidXBkYXRlIjoxODAwMDAwMDAwMDAwfX0=",
          "dependencies": [
            "azurerm_public_ip.admin",
            "azurerm_resource_group.admin",
            "azurerm_subnet.admin",
            "azurerm_virtual_network.admin"
          ]
        }
      ]
    },
    {
      "mode": "managed",
      "type": "azurerm_public_ip",
      "name": "admin",
      "provider": "provider[\"registry.terraform.io/hashicorp/azurerm\"]",
      "instances": [
        {
          "schema_version": 0,
          "attributes": {
            "allocation_method": "Static",
            "availability_zone": "Zone-Redundant",
            "domain_name_label": null,
            "fqdn": null,
            "id": "/subscriptions/2b7d48e1-cf39-4fdd-bd70-79cd047eb146/resourceGroups/shs-prd-northcentralus-monitoring-rg/providers/Microsoft.Network/publicIPAddresses/adminpip",
            "idle_timeout_in_minutes": 4,
            "ip_address": "52.141.214.131",
            "ip_tags": null,
            "ip_version": "IPv4",
            "location": "centralus",
            "name": "adminpip",
            "public_ip_prefix_id": null,
            "resource_group_name": "shs-prd-northcentralus-monitoring-rg",
            "reverse_fqdn": null,
            "sku": "Standard",
            "sku_tier": "Regional",
            "tags": null,
            "timeouts": null,
            "zones": []
          },
          "sensitive_attributes": [],
          "private": "eyJlMmJmYjczMC1lY2FhLTExZTYtOGY4OC0zNDM2M2JjN2M0YzAiOnsiY3JlYXRlIjoxODAwMDAwMDAwMDAwLCJkZWxldGUiOjE4MDAwMDAwMDAwMDAsInJlYWQiOjMwMDAwMDAwMDAwMCwidXBkYXRlIjoxODAwMDAwMDAwMDAwfX0=",
          "dependencies": [
            "azurerm_resource_group.admin"
          ]
        }
      ]
    },
    {
      "mode": "managed",
      "type": "azurerm_resource_group",
      "name": "admin",
      "provider": "provider[\"registry.terraform.io/hashicorp/azurerm\"]",
      "instances": [
        {
          "schema_version": 0,
          "attributes": {
            "id": "/subscriptions/2b7d48e1-cf39-4fdd-bd70-79cd047eb146/resourceGroups/shs-prd-northcentralus-monitoring-rg",
            "location": "centralus",
            "name": "shs-prd-northcentralus-monitoring-rg",
            "tags": {
              "Application": "Infrastructure",
              "Environment": "CORP",
              "Project Code": "709146",
              "Technical-Contact": "Cloud-infr-CRSDG@outlook.com"
            },
            "timeouts": null
          },
          "sensitive_attributes": [],
          "private": "eyJlMmJmYjczMC1lY2FhLTExZTYtOGY4OC0zNDM2M2JjN2M0YzAiOnsiY3JlYXRlIjo1NDAwMDAwMDAwMDAwLCJkZWxldGUiOjU0MDAwMDAwMDAwMDAsInJlYWQiOjMwMDAwMDAwMDAwMCwidXBkYXRlIjo1NDAwMDAwMDAwMDAwfX0="
        }
      ]
    },
    {
      "mode": "managed",
      "type": "azurerm_subnet",
      "name": "admin",
      "provider": "provider[\"registry.terraform.io/hashicorp/azurerm\"]",
      "instances": [
        {
          "schema_version": 0,
          "attributes": {
            "address_prefix": "10.205.50.0/24",
            "address_prefixes": [
              "10.205.50.0/24"
            ],
            "delegation": [],
            "enforce_private_link_endpoint_network_policies": false,
            "enforce_private_link_service_network_policies": false,
            "id": "/subscriptions/2b7d48e1-cf39-4fdd-bd70-79cd047eb146/resourceGroups/shs-prd-northcentralus-monitoring-rg/providers/Microsoft.Network/virtualNetworks/DAR-PRD-NCUS-VNET/subnets/AzureBastionSubnet",
            "name": "AzureBastionSubnet",
            "resource_group_name": "shs-prd-northcentralus-monitoring-rg",
            "service_endpoint_policy_ids": null,
            "service_endpoints": null,
            "timeouts": null,
            "virtual_network_name": "DAR-PRD-NCUS-VNET"
          },
          "sensitive_attributes": [],
          "private": "eyJlMmJmYjczMC1lY2FhLTExZTYtOGY4OC0zNDM2M2JjN2M0YzAiOnsiY3JlYXRlIjoxODAwMDAwMDAwMDAwLCJkZWxldGUiOjE4MDAwMDAwMDAwMDAsInJlYWQiOjMwMDAwMDAwMDAwMCwidXBkYXRlIjoxODAwMDAwMDAwMDAwfX0=",
          "dependencies": [
            "azurerm_resource_group.admin",
            "azurerm_virtual_network.admin"
          ]
        }
      ]
    },
    {
      "mode": "managed",
      "type": "azurerm_virtual_network",
      "name": "admin",
      "provider": "provider[\"registry.terraform.io/hashicorp/azurerm\"]",
      "instances": [
        {
          "schema_version": 0,
          "attributes": {
            "address_space": [
              "10.205.48.0/22"
            ],
            "bgp_community": "",
            "ddos_protection_plan": [],
            "dns_servers": [],
            "guid": "e64d63bc-5174-478a-8b77-a797ec46b085",
            "id": "/subscriptions/2b7d48e1-cf39-4fdd-bd70-79cd047eb146/resourceGroups/shs-prd-northcentralus-monitoring-rg/providers/Microsoft.Network/virtualNetworks/DAR-PRD-NCUS-VNET",
            "location": "centralus",
            "name": "DAR-PRD-NCUS-VNET",
            "resource_group_name": "shs-prd-northcentralus-monitoring-rg",
            "subnet": [],
            "tags": null,
            "timeouts": null,
            "vm_protection_enabled": false
          },
          "sensitive_attributes": [],
          "private": "eyJlMmJmYjczMC1lY2FhLTExZTYtOGY4OC0zNDM2M2JjN2M0YzAiOnsiY3JlYXRlIjoxODAwMDAwMDAwMDAwLCJkZWxldGUiOjE4MDAwMDAwMDAwMDAsInJlYWQiOjMwMDAwMDAwMDAwMCwidXBkYXRlIjoxODAwMDAwMDAwMDAwfX0=",
          "dependencies": [
            "azurerm_resource_group.admin"
          ]
        }
      ]
    }
  ]
}
